
Microsoft Visual Studio Solution File, Format Version 12.00
# Visual Studio 14
VisualStudioVersion = 14.0.23107.0
MinimumVisualStudioVersion = 10.0.40219.1
Project("{2150E333-8FDC-42A3-9474-1A3956D46DE8}") = "Build", "Build", "{3FC3D6E6-EC67-4DD2-BB11-010300D2B115}"
	ProjectSection(SolutionItems) = preProject
		..\build.cake = ..\build.cake
		..\build.ps1 = ..\build.ps1
	EndProjectSection
EndProject
Project("{2150E333-8FDC-42A3-9474-1A3956D46DE8}") = "nuspec", "nuspec", "{5A3672AD-D1FB-44C0-9251-F3C82F90A73A}"
	ProjectSection(SolutionItems) = preProject
		..\nuspec\Cake.Process.nuspec = ..\nuspec\Cake.Process.nuspec
	EndProjectSection
EndProject
Project("{2150E333-8FDC-42A3-9474-1A3956D46DE8}") = "Meta", "Meta", "{076800B8-8AB2-4F8B-8770-E544C310F8D6}"
	ProjectSection(SolutionItems) = preProject
		..\LICENSE = ..\LICENSE
		..\README.md = ..\README.md
		..\ReleaseNotes.md = ..\ReleaseNotes.md
	EndProjectSection
EndProject
Project("{FAE04EC0-301F-11D3-BF4B-00C04F79EFBC}") = "Cake.Process", "Cake.Process\Cake.Process.csproj", "{6C2E75CA-3B97-44D9-A2A3-A63240467D94}"
EndProject
Project("{FAE04EC0-301F-11D3-BF4B-00C04F79EFBC}") = "Cake.Process.Tests", "Cake.Process.Tests\Cake.Process.Tests.csproj", "{BC96488E-BB43-4ABE-A960-7373D945BEED}"
EndProject
Project("{FAE04EC0-301F-11D3-BF4B-00C04F79EFBC}") = "Cake.Process.MockProcess", "Cake.Process.MockProcess\Cake.Process.MockProcess.csproj", "{DB21DA19-E465-4960-915B-7A747A4EA1F7}"
EndProject
Global
	GlobalSection(SolutionConfigurationPlatforms) = preSolution
		Debug|Any CPU = Debug|Any CPU
		Release|Any CPU = Release|Any CPU
	EndGlobalSection
	GlobalSection(ProjectConfigurationPlatforms) = postSolution
		{6C2E75CA-3B97-44D9-A2A3-A63240467D94}.Debug|Any CPU.ActiveCfg = Debug|Any CPU
		{6C2E75CA-3B97-44D9-A2A3-A63240467D94}.Debug|Any CPU.Build.0 = Debug|Any CPU
		{6C2E75CA-3B97-44D9-A2A3-A63240467D94}.Release|Any CPU.ActiveCfg = Release|Any CPU
		{6C2E75CA-3B97-44D9-A2A3-A63240467D94}.Release|Any CPU.Build.0 = Release|Any CPU
		{BC96488E-BB43-4ABE-A960-7373D945BEED}.Debug|Any CPU.ActiveCfg = Debug|Any CPU
		{BC96488E-BB43-4ABE-A960-7373D945BEED}.Debug|Any CPU.Build.0 = Debug|Any CPU
		{BC96488E-BB43-4ABE-A960-7373D945BEED}.Release|Any CPU.ActiveCfg = Release|Any CPU
		{BC96488E-BB43-4ABE-A960-7373D945BEED}.Release|Any CPU.Build.0 = Release|Any CPU
		{DB21DA19-E465-4960-915B-7A747A4EA1F7}.Debug|Any CPU.ActiveCfg = Debug|Any CPU
		{DB21DA19-E465-4960-915B-7A747A4EA1F7}.Debug|Any CPU.Build.0 = Debug|Any CPU
		{DB21DA19-E465-4960-915B-7A747A4EA1F7}.Release|Any CPU.ActiveCfg = Release|Any CPU
		{DB21DA19-E465-4960-915B-7A747A4EA1F7}.Release|Any CPU.Build.0 = Release|Any CPU
	EndGlobalSection
	GlobalSection(SolutionProperties) = preSolution
		HideSolutionNode = FALSE
	EndGlobalSection
	GlobalSection(NestedProjects) = preSolution
		{5A3672AD-D1FB-44C0-9251-F3C82F90A73A} = {3FC3D6E6-EC67-4DD2-BB11-010300D2B115}
	EndGlobalSection
EndGlobal
